<?xml version="1.0" encoding="utf-8"?>
<Project ToolsVersion="4.0" xmlns="http://schemas.microsoft.com/developer/msbuild/2003">
  <ItemGroup>
    <Filter Include="Source Files">
      <UniqueIdentifier>{4FC737F1-C7A5-4376-A066-2A32D752A2FF}</UniqueIdentifier>
      <Extensions>cpp;c;cc;cxx;def;odl;idl;hpj;bat;asm;asmx</Extensions>
    </Filter>
    <Filter Include="Header Files">
      <UniqueIdentifier>{93995380-89BD-4b04-88EB-625FBE52EBFB}</UniqueIdentifier>
      <Extensions>h;hh;hpp;hxx;hm;inl;inc;xsd</Extensions>
    </Filter>
    <Filter Include="Resource Files">
      <UniqueIdentifier>{67DA6AB6-F800-4c08-8B7A-83BB121AAD01}</UniqueIdentifier>
      <Extensions>rc;ico;cur;bmp;dlg;rc2;rct;bin;rgs;gif;jpg;jpeg;jpe;resx;tiff;tif;png;wav;mfcribbon-ms</Extensions>
    </Filter>
    <Filter Include="Source Files\com">
      <UniqueIdentifier>{659c71fa-43a7-4df3-9a86-7697028b32f7}</UniqueIdentifier>
    </Filter>
    <Filter Include="Source Files\language">
      <UniqueIdentifier>{ae76899e-bcde-452a-a3f1-d63da6d69919}</UniqueIdentifier>
    </Filter>
    <Filter Include="Header Files\com">
      <UniqueIdentifier>{dcc70841-87a7-4ff1-972d-64f4b4c05c16}</UniqueIdentifier>
    </Filter>
    <Filter Include="Source Files\graphsandtrees">
      <UniqueIdentifier>{e9cd5b74-b3d0-4b1b-9861-4b4df7dd8ec8}</UniqueIdentifier>
    </Filter>
    <Filter Include="Header Files\graphsandtrees">
      <UniqueIdentifier>{7979e84d-2ca7-45cd-b768-b3d560e07303}</UniqueIdentifier>
    </Filter>
    <Filter Include="Header Files\language">
      <UniqueIdentifier>{9a0ea886-c3a2-454e-a51b-785ec6a6b535}</UniqueIdentifier>
    </Filter>
    <Filter Include="Header Files\com\graph">
      <UniqueIdentifier>{56184705-5cd4-4bfa-af93-e3a635e7ad9f}</UniqueIdentifier>
    </Filter>
    <Filter Include="Source Files\com\graph">
      <UniqueIdentifier>{80731ad7-e031-4c55-845c-2503f220fd2b}</UniqueIdentifier>
    </Filter>
    <Filter Include="Header Files\com\binarytree">
      <UniqueIdentifier>{60c08049-65fe-4535-bfbe-5bdbc3e1e67d}</UniqueIdentifier>
    </Filter>
    <Filter Include="Source Files\com\binaytree">
      <UniqueIdentifier>{09094391-8afe-40b4-b616-e8fa3bedd3c0}</UniqueIdentifier>
    </Filter>
    <Filter Include="Source Files\com\linkedlist">
      <UniqueIdentifier>{42cac496-c019-41fb-b439-ebaffe0f92e7}</UniqueIdentifier>
    </Filter>
    <Filter Include="Header Files\com\linkedlist">
      <UniqueIdentifier>{4b0ff36d-244b-4717-ab44-eb06fbc78678}</UniqueIdentifier>
    </Filter>
    <Filter Include="Source Files\bitmanipulation">
      <UniqueIdentifier>{b0b8e453-4689-45b8-9ff0-83608ce7bb11}</UniqueIdentifier>
    </Filter>
    <Filter Include="Header Files\bitmanipulation">
      <UniqueIdentifier>{a9af4474-cdd1-4d22-9c0d-133d04ffe360}</UniqueIdentifier>
    </Filter>
    <Filter Include="Header Files\sortingandsearching">
      <UniqueIdentifier>{b156a8a1-ddeb-4944-a139-711fa1ea1474}</UniqueIdentifier>
    </Filter>
    <Filter Include="Source Files\sortingandsearching">
      <UniqueIdentifier>{e87569de-3a90-404d-bfaa-129e9b14f343}</UniqueIdentifier>
    </Filter>
  </ItemGroup>
  <ItemGroup>
    <ClCompile Include="main.cpp">
      <Filter>Source Files</Filter>
    </ClCompile>
    <ClCompile Include="testableproblem.cpp">
      <Filter>Source Files\com</Filter>
    </ClCompile>
    <ClCompile Include="routebetweennodes .cpp">
      <Filter>Source Files\graphsandtrees</Filter>
    </ClCompile>
    <ClCompile Include="minimaltree.cpp">
      <Filter>Source Files\graphsandtrees</Filter>
    </ClCompile>
    <ClCompile Include="graphnode.cpp">
      <Filter>Source Files\com\graph</Filter>
    </ClCompile>
    <ClCompile Include="listofdepths.cpp">
      <Filter>Source Files\graphsandtrees</Filter>
    </ClCompile>
    <ClCompile Include="datastructureutils.cpp">
      <Filter>Source Files\com</Filter>
    </ClCompile>
    <ClCompile Include="binarytreenode.cpp">
      <Filter>Source Files\com\binaytree</Filter>
    </ClCompile>
    <ClCompile Include="linkedlistnode.cpp">
      <Filter>Source Files\com\linkedlist</Filter>
    </ClCompile>
    <ClCompile Include="isbalanced.cpp">
      <Filter>Source Files\graphsandtrees</Filter>
    </ClCompile>
    <ClCompile Include="validatebst.cpp">
      <Filter>Source Files\graphsandtrees</Filter>
    </ClCompile>
    <ClCompile Include="successor.cpp">
      <Filter>Source Files\graphsandtrees</Filter>
    </ClCompile>
    <ClCompile Include="buildorder.cpp">
      <Filter>Source Files\graphsandtrees</Filter>
    </ClCompile>
    <ClCompile Include="firstcommonancestor.cpp">
      <Filter>Source Files\graphsandtrees</Filter>
    </ClCompile>
    <ClCompile Include="bstsequence.cpp">
      <Filter>Source Files\graphsandtrees</Filter>
    </ClCompile>
    <ClCompile Include="issubtree.cpp">
      <Filter>Source Files\graphsandtrees</Filter>
    </ClCompile>
    <ClCompile Include="exampleproblemtemplate.cpp">
      <Filter>Source Files\com</Filter>
    </ClCompile>
    <ClCompile Include="randomnode.cpp">
      <Filter>Source Files\graphsandtrees</Filter>
    </ClCompile>
    <ClCompile Include="pathswithsum.cpp">
      <Filter>Source Files\graphsandtrees</Filter>
    </ClCompile>
    <ClCompile Include="insertion.cpp">
      <Filter>Source Files\bitmanipulation</Filter>
    </ClCompile>
    <ClCompile Include="binarytostring.cpp">
      <Filter>Source Files\bitmanipulation</Filter>
    </ClCompile>
    <ClCompile Include="flipbittowin.cpp">
      <Filter>Source Files\bitmanipulation</Filter>
    </ClCompile>
    <ClCompile Include="nextnumber.cpp">
      <Filter>Source Files\bitmanipulation</Filter>
    </ClCompile>
    <ClCompile Include="sortedmerge.cpp">
      <Filter>Source Files\sortingandsearching</Filter>
    </ClCompile>
    <ClCompile Include="groupanagrams.cpp">
      <Filter>Source Files\sortingandsearching</Filter>
    </ClCompile>
    <ClCompile Include="searchinrotatedarray.cpp">
      <Filter>Source Files\sortingandsearching</Filter>
    </ClCompile>
    <ClCompile Include="sparsesearch.cpp">
      <Filter>Source Files\sortingandsearching</Filter>
    </ClCompile>
  </ItemGroup>
  <ItemGroup>
    <ClInclude Include="testableproblem.h">
      <Filter>Header Files\com</Filter>
    </ClInclude>
    <ClInclude Include="printklastlines.h">
      <Filter>Header Files\language</Filter>
    </ClInclude>
    <ClInclude Include="routebetweennodes.h">
      <Filter>Header Files\graphsandtrees</Filter>
    </ClInclude>
    <ClInclude Include="minimaltree.h">
      <Filter>Header Files\graphsandtrees</Filter>
    </ClInclude>
    <ClInclude Include="graphnode.h">
      <Filter>Header Files\com\graph</Filter>
    </ClInclude>
    <ClInclude Include="listofdepths.h">
      <Filter>Header Files\graphsandtrees</Filter>
    </ClInclude>
    <ClInclude Include="datastructureutils.h">
      <Filter>Header Files\com</Filter>
    </ClInclude>
    <ClInclude Include="binarytreenode.h">
      <Filter>Header Files\com\binarytree</Filter>
    </ClInclude>
    <ClInclude Include="linkedlistnode.h">
      <Filter>Header Files\com\linkedlist</Filter>
    </ClInclude>
    <ClInclude Include="isbalanced.h">
      <Filter>Header Files\graphsandtrees</Filter>
    </ClInclude>
    <ClInclude Include="validatebst.h">
      <Filter>Header Files\graphsandtrees</Filter>
    </ClInclude>
    <ClInclude Include="successor.h">
      <Filter>Header Files\graphsandtrees</Filter>
    </ClInclude>
    <ClInclude Include="buildorder.h">
      <Filter>Header Files\graphsandtrees</Filter>
    </ClInclude>
    <ClInclude Include="firstcommonancestor.h">
      <Filter>Header Files\graphsandtrees</Filter>
    </ClInclude>
    <ClInclude Include="bstsequence.h">
      <Filter>Header Files\graphsandtrees</Filter>
    </ClInclude>
    <ClInclude Include="issubtree.h">
      <Filter>Header Files\graphsandtrees</Filter>
    </ClInclude>
    <ClInclude Include="exampleproblemtemplate.h">
      <Filter>Header Files\com</Filter>
    </ClInclude>
    <ClInclude Include="randomnode.h">
      <Filter>Header Files\graphsandtrees</Filter>
    </ClInclude>
    <ClInclude Include="pathswithsum.h">
      <Filter>Header Files\graphsandtrees</Filter>
    </ClInclude>
    <ClInclude Include="insertion.h">
      <Filter>Header Files\bitmanipulation</Filter>
    </ClInclude>
    <ClInclude Include="binarytostring.h">
      <Filter>Header Files\bitmanipulation</Filter>
    </ClInclude>
    <ClInclude Include="flipbittowin.h">
      <Filter>Header Files\bitmanipulation</Filter>
    </ClInclude>
    <ClInclude Include="nextnumber.h">
      <Filter>Header Files\bitmanipulation</Filter>
    </ClInclude>
    <ClInclude Include="sortedmerge.h">
      <Filter>Header Files\sortingandsearching</Filter>
    </ClInclude>
    <ClInclude Include="groupanagrams.h">
      <Filter>Header Files\sortingandsearching</Filter>
    </ClInclude>
    <ClInclude Include="searchinrotatedarray.h">
      <Filter>Header Files\sortingandsearching</Filter>
    </ClInclude>
    <ClInclude Include="sparsesearch.h">
      <Filter>Header Files\sortingandsearching</Filter>
    </ClInclude>
  </ItemGroup>
</Project>